
Microsoft Visual Studio Solution File, Format Version 12.00
# Visual Studio Version 17
VisualStudioVersion = 17.5.33516.290
MinimumVisualStudioVersion = 10.0.40219.1
Project("{FAE04EC0-301F-11D3-BF4B-00C04F79EFBC}") = "Modul_2", "Modul_2\Modul_2.csproj", "{835DB2EB-7CBB-4DFB-B04C-7F8FD840CAAA}"
EndProject
Global
	GlobalSection(SolutionConfigurationPlatforms) = preSolution
		Debug|Any CPU = Debug|Any CPU
		Release|Any CPU = Release|Any CPU
	EndGlobalSection
	GlobalSection(ProjectConfigurationPlatforms) = postSolution
		{835DB2EB-7CBB-4DFB-B04C-7F8FD840CAAA}.Debug|Any CPU.ActiveCfg = Debug|Any CPU
		{835DB2EB-7CBB-4DFB-B04C-7F8FD840CAAA}.Debug|Any CPU.Build.0 = Debug|Any CPU
		{835DB2EB-7CBB-4DFB-B04C-7F8FD840CAAA}.Release|Any CPU.ActiveCfg = Release|Any CPU
		{835DB2EB-7CBB-4DFB-B04C-7F8FD840CAAA}.Release|Any CPU.Build.0 = Release|Any CPU
	EndGlobalSection
	GlobalSection(SolutionProperties) = preSolution
		HideSolutionNode = FALSE
	EndGlobalSection
	GlobalSection(ExtensibilityGlobals) = postSolution
		SolutionGuid = {5D94E3E3-ED9F-4495-9887-620EFE198B75}
	EndGlobalSection
EndGlobal
